
Microsoft Visual Studio Solution File, Format Version 11.00
# Visual Studio 2010
Project("{FAE04EC0-301F-11D3-BF4B-00C04F79EFBC}") = "Virion", "Virion.csproj", "{39C4AF7A-8FD3-41F0-A6C4-D31F8D97FC58}"
EndProject
Project("{FAE04EC0-301F-11D3-BF4B-00C04F79EFBC}") = "WindowsGame1Content", "..\WindowsGame1Content\WindowsGame1Content.contentproj", "{FD44B219-D346-4C3E-8EDC-0CB20FAB2184}"
EndProject
Global
	GlobalSection(SolutionConfigurationPlatforms) = preSolution
		Debug|x86 = Debug|x86
		Release|x86 = Release|x86
	EndGlobalSection
	GlobalSection(ProjectConfigurationPlatforms) = postSolution
		{39C4AF7A-8FD3-41F0-A6C4-D31F8D97FC58}.Debug|x86.ActiveCfg = Debug|x86
		{39C4AF7A-8FD3-41F0-A6C4-D31F8D97FC58}.Debug|x86.Build.0 = Debug|x86
		{39C4AF7A-8FD3-41F0-A6C4-D31F8D97FC58}.Release|x86.ActiveCfg = Release|x86
		{39C4AF7A-8FD3-41F0-A6C4-D31F8D97FC58}.Release|x86.Build.0 = Release|x86
		{FD44B219-D346-4C3E-8EDC-0CB20FAB2184}.Debug|x86.ActiveCfg = Debug|x86
		{FD44B219-D346-4C3E-8EDC-0CB20FAB2184}.Release|x86.ActiveCfg = Release|x86
	EndGlobalSection
	GlobalSection(SolutionProperties) = preSolution
		HideSolutionNode = FALSE
	EndGlobalSection
EndGlobal
